# This file is autogenerated, do not edit; changes may be undone by the next 'dep ensure'.


[[projects]]
  name = "github.com/sirupsen/logrus"
  packages = ["."]
  revision = "418b41d23a1bf978c06faea5313ba194650ac088"
  version = "v0.8.7"

[[projects]]
  branch = "master"
  name = "github.com/thinkermao/network-simu-go"
  packages = [".","utils/sync"]
  revision = "9d335378e891b595059eb237f5688d257e84a226"

[[projects]]
  branch = "master"
  name = "github.com/thinkermao/wal-go"
  packages = [".","file","record","utils/pd"]
  revision = "eaae805a17c8f35dd213382f5dcf75ee9f7a5cf6"

[solve-meta]
  analyzer-name = "dep"
  analyzer-version = 1
  inputs-digest = "523b20d06ce172d283e252dfb87fb700a0719d3b6eacbe3499e3506d8596e922"
  solver-name = "gps-cdcl"
  solver-version = 1
